
Microsoft Visual Studio Solution File, Format Version 12.00
# Visual Studio Version 17
VisualStudioVersion = 17.9.34723.18
MinimumVisualStudioVersion = 10.0.40219.1
Project("{FAE04EC0-301F-11D3-BF4B-00C04F79EFBC}") = "Workshop.NekkiApp", "Workshop.NekkiApp.csproj", "{B522BBBB-8535-4BF4-A87F-4089D664D108}"
EndProject
Project("{E24C65DC-7377-472B-9ABA-BC803B73C61A}") = "Workshop.NekkiAppMobile", "Workshop.NekkiAppMobile\", "{0F64FDC4-0ED1-47FA-BD60-C6FDBE13846B}"
	ProjectSection(WebsiteProperties) = preProject
		TargetFrameworkMoniker = ".NETFramework,Version%3Dv4.8"
		Debug.AspNetCompiler.VirtualPath = "/localhost_28062"
		Debug.AspNetCompiler.PhysicalPath = "Workshop.NekkiAppMobile\"
		Debug.AspNetCompiler.TargetPath = "PrecompiledWeb\localhost_28062\"
		Debug.AspNetCompiler.Updateable = "true"
		Debug.AspNetCompiler.ForceOverwrite = "true"
		Debug.AspNetCompiler.FixedNames = "false"
		Debug.AspNetCompiler.Debug = "True"
		Release.AspNetCompiler.VirtualPath = "/localhost_28062"
		Release.AspNetCompiler.PhysicalPath = "Workshop.NekkiAppMobile\"
		Release.AspNetCompiler.TargetPath = "PrecompiledWeb\localhost_28062\"
		Release.AspNetCompiler.Updateable = "true"
		Release.AspNetCompiler.ForceOverwrite = "true"
		Release.AspNetCompiler.FixedNames = "false"
		Release.AspNetCompiler.Debug = "False"
		VWDPort = "28062"
	EndProjectSection
EndProject
Global
	GlobalSection(SolutionConfigurationPlatforms) = preSolution
		Debug|Any CPU = Debug|Any CPU
		Release|Any CPU = Release|Any CPU
	EndGlobalSection
	GlobalSection(ProjectConfigurationPlatforms) = postSolution
		{B522BBBB-8535-4BF4-A87F-4089D664D108}.Debug|Any CPU.ActiveCfg = Debug|Any CPU
		{B522BBBB-8535-4BF4-A87F-4089D664D108}.Debug|Any CPU.Build.0 = Debug|Any CPU
		{B522BBBB-8535-4BF4-A87F-4089D664D108}.Release|Any CPU.ActiveCfg = Release|Any CPU
		{B522BBBB-8535-4BF4-A87F-4089D664D108}.Release|Any CPU.Build.0 = Release|Any CPU
		{0F64FDC4-0ED1-47FA-BD60-C6FDBE13846B}.Debug|Any CPU.ActiveCfg = Debug|Any CPU
		{0F64FDC4-0ED1-47FA-BD60-C6FDBE13846B}.Debug|Any CPU.Build.0 = Debug|Any CPU
		{0F64FDC4-0ED1-47FA-BD60-C6FDBE13846B}.Release|Any CPU.ActiveCfg = Debug|Any CPU
		{0F64FDC4-0ED1-47FA-BD60-C6FDBE13846B}.Release|Any CPU.Build.0 = Debug|Any CPU
	EndGlobalSection
	GlobalSection(SolutionProperties) = preSolution
		HideSolutionNode = FALSE
	EndGlobalSection
	GlobalSection(ExtensibilityGlobals) = postSolution
		SolutionGuid = {96793CD4-CE32-46BB-B971-A2CC5C0397B7}
	EndGlobalSection
EndGlobal
